// !$*UTF8*$!
{
	archiveVersion = 1;
	classes = {
	};
	objectVersion = 50;
	objects = {

/* Begin PBXBuildFile section */
		70B1F925250BEE1D00B5469A /* AppDelegate.swift in Sources */ = {isa = PBXBuildFile; fileRef = 70B1F924250BEE1D00B5469A /* AppDelegate.swift */; };
		70B1F927250BEE1D00B5469A /* SceneDelegate.swift in Sources */ = {isa = PBXBuildFile; fileRef = 70B1F926250BEE1D00B5469A /* SceneDelegate.swift */; };
		70B1F929250BEE1D00B5469A /* ViewController.swift in Sources */ = {isa = PBXBuildFile; fileRef = 70B1F928250BEE1D00B5469A /* ViewController.swift */; };
		70B1F92C250BEE1D00B5469A /* Main.storyboard in Resources */ = {isa = PBXBuildFile; fileRef = 70B1F92A250BEE1D00B5469A /* Main.storyboard */; };
		70B1F92E250BEE1E00B5469A /* Assets.xcassets in Resources */ = {isa = PBXBuildFile; fileRef = 70B1F92D250BEE1E00B5469A /* Assets.xcassets */; };
		70B1F931250BEE1E00B5469A /* LaunchScreen.storyboard in Resources */ = {isa = PBXBuildFile; fileRef = 70B1F92F250BEE1E00B5469A /* LaunchScreen.storyboard */; };
		70B1F939250C04F700B5469A /* ViewController2.swift in Sources */ = {isa = PBXBuildFile; fileRef = 70B1F938250C04F700B5469A /* ViewController2.swift */; };
/* End PBXBuildFile section */

/* Begin PBXFileReference section */
		70B1F921250BEE1D00B5469A /* SlideshowApp2.app */ = {isa = PBXFileReference; explicitFileType = wrapper.application; includeInIndex = 0; path = SlideshowApp2.app; sourceTree = BUILT_PRODUCTS_DIR; };
		70B1F924250BEE1D00B5469A /* AppDelegate.swift */ = {isa = PBXFileReference; lastKnownFileType = sourcecode.swift; path = AppDelegate.swift; sourceTree = "<group>"; };
		70B1F926250BEE1D00B5469A /* SceneDelegate.swift */ = {isa = PBXFileReference; lastKnownFileType = sourcecode.swift; path = SceneDelegate.swift; sourceTree = "<group>"; };
		70B1F928250BEE1D00B5469A /* ViewController.swift */ = {isa = PBXFileReference; lastKnownFileType = sourcecode.swift; path = ViewController.swift; sourceTree = "<group>"; };
		70B1F92B250BEE1D00B5469A /* Base */ = {isa = PBXFileReference; lastKnownFileType = file.storyboard; name = Base; path = Base.lproj/Main.storyboard; sourceTree = "<group>"; };
		70B1F92D250BEE1E00B5469A /* Assets.xcassets */ = {isa = PBXFileReference; lastKnownFileType = folder.assetcatalog; path = Assets.xcassets; sourceTree = "<group>"; };
		70B1F930250BEE1E00B5469A /* Base */ = {isa = PBXFileReference; lastKnownFileType = file.storyboard; name = Base; path = Base.lproj/LaunchScreen.storyboard; sourceTree = "<group>"; };
		70B1F932250BEE1E00B5469A /* Info.plist */ = {isa = PBXFileReference; lastKnownFileType = text.plist.xml; path = Info.plist; sourceTree = "<group>"; };
		70B1F938250C04F700B5469A /* ViewController2.swift */ = {isa = PBXFileReference; lastKnownFileType = sourcecode.swift; path = ViewController2.swift; sourceTree = "<group>"; };
/* End PBXFileReference section */

/* Begin PBXFrameworksBuildPhase section */
		70B1F91E250BEE1D00B5469A /* Frameworks */ = {
			isa = PBXFrameworksBuildPhase;
			buildActionMask = 2147483647;
			files = (
			);
			runOnlyForDeploymentPostprocessing = 0;
		};
/* End PBXFrameworksBuildPhase section */

/* Begin PBXGroup section */
		70B1F918250BEE1D00B5469A = {
			isa = PBXGroup;
			children = (
				70B1F923250BEE1D00B5469A /* SlideshowApp2 */,
				70B1F922250BEE1D00B5469A /* Products */,
			);
			sourceTree = "<group>";
		};
		70B1F922250BEE1D00B5469A /* Products */ = {
			isa = PBXGroup;
			children = (
				70B1F921250BEE1D00B5469A /* SlideshowApp2.app */,
			);
			name = Products;
			sourceTree = "<group>";
		};
		70B1F923250BEE1D00B5469A /* SlideshowApp2 */ = {
			isa = PBXGroup;
			children = (
				70B1F924250BEE1D00B5469A /* AppDelegate.swift */,
				70B1F926250BEE1D00B5469A /* SceneDelegate.swift */,
				70B1F928250BEE1D00B5469A /* ViewController.swift */,
				70B1F92A250BEE1D00B5469A /* Main.storyboard */,
				70B1F938250C04F700B5469A /* ViewController2.swift */,
				70B1F92D250BEE1E00B5469A /* Assets.xcassets */,
				70B1F92F250BEE1E00B5469A /* LaunchScreen.storyboard */,
				70B1F932250BEE1E00B5469A /* Info.plist */,
			);
			path = SlideshowApp2;
			sourceTree = "<group>";
		};
/* End PBXGroup section */

/* Begin PBXNativeTarget section */
		70B1F920250BEE1D00B5469A /* SlideshowApp2 */ = {
			isa = PBXNativeTarget;
			buildConfigurationList = 70B1F935250BEE1E00B5469A /* Build configuration list for PBXNativeTarget "SlideshowApp2" */;
			buildPhases = (
				70B1F91D250BEE1D00B5469A /* Sources */,
				70B1F91E250BEE1D00B5469A /* Frameworks */,
				70B1F91F250BEE1D00B5469A /* Resources */,
			);
			buildRules = (
			);
			dependencies = (
			);
			name = SlideshowApp2;
			productName = SlideshowApp2;
			productReference = 70B1F921250BEE1D00B5469A /* SlideshowApp2.app */;
			productType = "com.apple.product-type.application";
		};
/* End PBXNativeTarget section */

/* Begin PBXProject section */
		70B1F919250BEE1D00B5469A /* Project object */ = {
			isa = PBXProject;
			attributes = {
				LastSwiftUpdateCheck = 1150;
				LastUpgradeCheck = 1150;
				ORGANIZATIONNAME = "瀧本達也";
				TargetAttributes = {
					70B1F920250BEE1D00B5469A = {
						CreatedOnToolsVersion = 11.5;
					};
				};
			};
			buildConfigurationList = 70B1F91C250BEE1D00B5469A /* Build configuration list for PBXProject "SlideshowApp2" */;
			compatibilityVersion = "Xcode 9.3";
			developmentRegion = en;
			hasScannedForEncodings = 0;
			knownRegions = (
				en,
				Base,
			);
			mainGroup = 70B1F918250BEE1D00B5469A;
			productRefGroup = 70B1F922250BEE1D00B5469A /* Products */;
			projectDirPath = "";
			projectRoot = "";
			targets = (
				70B1F920250BEE1D00B5469A /* SlideshowApp2 */,
			);
		};
/* End PBXProject section */

/* Begin PBXResourcesBuildPhase section */
		70B1F91F250BEE1D00B5469A /* Resources */ = {
			isa = PBXResourcesBuildPhase;
			buildActionMask = 2147483647;
			files = (
				70B1F931250BEE1E00B5469A /* LaunchScreen.storyboard in Resources */,
				70B1F92E250BEE1E00B5469A /* Assets.xcassets in Resources */,
				70B1F92C250BEE1D00B5469A /* Main.storyboard in Resources */,
			);
			runOnlyForDeploymentPostprocessing = 0;
		};
/* End PBXResourcesBuildPhase section */

/* Begin PBXSourcesBuildPhase section */
		70B1F91D250BEE1D00B5469A /* Sources */ = {
			isa = PBXSourcesBuildPhase;
			buildActionMask = 2147483647;
			files = (
				70B1F929250BEE1D00B5469A /* ViewController.swift in Sources */,
				70B1F939250C04F700B5469A /* ViewController2.swift in Sources */,
				70B1F925250BEE1D00B5469A /* AppDelegate.swift in Sources */,
				70B1F927250BEE1D00B5469A /* SceneDelegate.swift in Sources */,
			);
			runOnlyForDeploymentPostprocessing = 0;
		};
/* End PBXSourcesBuildPhase section */

/* Begin PBXVariantGroup section */
		70B1F92A250BEE1D00B5469A /* Main.storyboard */ = {
			isa = PBXVariantGroup;
			children = (
				70B1F92B250BEE1D00B5469A /* Base */,
			);
			name = Main.storyboard;
			sourceTree = "<group>";
		};
		70B1F92F250BEE1E00B5469A /* LaunchScreen.storyboard */ = {
			isa = PBXVariantGroup;
			children = (
				70B1F930250BEE1E00B5469A /* Base */,
			);
			name = LaunchScreen.storyboard;
			sourceTree = "<group>";
		};
/* End PBXVariantGroup section */

/* Begin XCBuildConfiguration section */
		70B1F933250BEE1E00B5469A /* Debug */ = {
			isa = XCBuildConfiguration;
			buildSettings = {
				ALWAYS_SEARCH_USER_PATHS = NO;
				CLANG_ANALYZER_NONNULL = YES;
				CLANG_ANALYZER_NUMBER_OBJECT_CONVERSION = YES_AGGRESSIVE;
				CLANG_CXX_LANGUAGE_STANDARD = "gnu++14";
				CLANG_CXX_LIBRARY = "libc++";
				CLANG_ENABLE_MODULES = YES;
				CLANG_ENABLE_OBJC_ARC = YES;
				CLANG_ENABLE_OBJC_WEAK = YES;
				CLANG_WARN_BLOCK_CAPTURE_AUTORELEASING = YES;
				CLANG_WARN_BOOL_CONVERSION = YES;
				CLANG_WARN_COMMA = YES;
				CLANG_WARN_CONSTANT_CONVERSION = YES;
				CLANG_WARN_DEPRECATED_OBJC_IMPLEMENTATIONS = YES;
				CLANG_WARN_DIRECT_OBJC_ISA_USAGE = YES_ERROR;
				CLANG_WARN_DOCUMENTATION_COMMENTS = YES;
				CLANG_WARN_EMPTY_BODY = YES;
				CLANG_WARN_ENUM_CONVERSION = YES;
				CLANG_WARN_INFINITE_RECURSION = YES;
				CLANG_WARN_INT_CONVERSION = YES;
				CLANG_WARN_NON_LITERAL_NULL_CONVERSION = YES;
				CLANG_WARN_OBJC_IMPLICIT_RETAIN_SELF = YES;
				CLANG_WARN_OBJC_LITERAL_CONVERSION = YES;
				CLANG_WARN_OBJC_ROOT_CLASS = YES_ERROR;
				CLANG_WARN_RANGE_LOOP_ANALYSIS = YES;
				CLANG_WARN_STRICT_PROTOTYPES = YES;
				CLANG_WARN_SUSPICIOUS_MOVE = YES;
				CLANG_WARN_UNGUARDED_AVAILABILITY = YES_AGGRESSIVE;
				CLANG_WARN_UNREACHABLE_CODE = YES;
				CLANG_WARN__DUPLICATE_METHOD_MATCH = YES;
				COPY_PHASE_STRIP = NO;
				DEBUG_INFORMATION_FORMAT = dwarf;
				ENABLE_STRICT_OBJC_MSGSEND = YES;
				ENABLE_TESTABILITY = YES;
				GCC_C_LANGUAGE_STANDARD = gnu11;
				GCC_DYNAMIC_NO_PIC = NO;
				GCC_NO_COMMON_BLOCKS = YES;
				GCC_OPTIMIZATION_LEVEL = 0;
				GCC_PREPROCESSOR_DEFINITIONS = (
					"DEBUG=1",
					"$(inherited)",
				);
				GCC_WARN_64_TO_32_BIT_CONVERSION = YES;
				GCC_WARN_ABOUT_RETURN_TYPE = YES_ERROR;
				GCC_WARN_UNDECLARED_SELECTOR = YES;
				GCC_WARN_UNINITIALIZED_AUTOS = YES_AGGRESSIVE;
				GCC_WARN_UNUSED_FUNCTION = YES;
				GCC_WARN_UNUSED_VARIABLE = YES;
				IPHONEOS_DEPLOYMENT_TARGET = 13.5;
				MTL_ENABLE_DEBUG_INFO = INCLUDE_SOURCE;
				MTL_FAST_MATH = YES;
				ONLY_ACTIVE_ARCH = YES;
				SDKROOT = iphoneos;
				SWIFT_ACTIVE_COMPILATION_CONDITIONS = DEBUG;
				SWIFT_OPTIMIZATION_LEVEL = "-Onone";
			};
			name = Debug;
		};
		70B1F934250BEE1E00B5469A /* Release */ = {
			isa = XCBuildConfiguration;
			buildSettings = {
				ALWAYS_SEARCH_USER_PATHS = NO;
				CLANG_ANALYZER_NONNULL = YES;
				CLANG_ANALYZER_NUMBER_OBJECT_CONVERSION = YES_AGGRESSIVE;
				CLANG_CXX_LANGUAGE_STANDARD = "gnu++14";
				CLANG_CXX_LIBRARY = "libc++";
				CLANG_ENABLE_MODULES = YES;
				CLANG_ENABLE_OBJC_ARC = YES;
				CLANG_ENABLE_OBJC_WEAK = YES;
				CLANG_WARN_BLOCK_CAPTURE_AUTORELEASING = YES;
				CLANG_WARN_BOOL_CONVERSION = YES;
				CLANG_WARN_COMMA = YES;
				CLANG_WARN_CONSTANT_CONVERSION = YES;
				CLANG_WARN_DEPRECATED_OBJC_IMPLEMENTATIONS = YES;
				CLANG_WARN_DIRECT_OBJC_ISA_USAGE = YES_ERROR;
				CLANG_WARN_DOCUMENTATION_COMMENTS = YES;
				CLANG_WARN_EMPTY_BODY = YES;
				CLANG_WARN_ENUM_CONVERSION = YES;
				CLANG_WARN_INFINITE_RECURSION = YES;
				CLANG_WARN_INT_CONVERSION = YES;
				CLANG_WARN_NON_LITERAL_NULL_CONVERSION = YES;
				CLANG_WARN_OBJC_IMPLICIT_RETAIN_SELF = YES;
				CLANG_WARN_OBJC_LITERAL_CONVERSION = YES;
				CLANG_WARN_OBJC_ROOT_CLASS = YES_ERROR;
				CLANG_WARN_RANGE_LOOP_ANALYSIS = YES;
				CLANG_WARN_STRICT_PROTOTYPES = YES;
				CLANG_WARN_SUSPICIOUS_MOVE = YES;
				CLANG_WARN_UNGUARDED_AVAILABILITY = YES_AGGRESSIVE;
				CLANG_WARN_UNREACHABLE_CODE = YES;
				CLANG_WARN__DUPLICATE_METHOD_MATCH = YES;
				COPY_PHASE_STRIP = NO;
				DEBUG_INFORMATION_FORMAT = "dwarf-with-dsym";
				ENABLE_NS_ASSERTIONS = NO;
				ENABLE_STRICT_OBJC_MSGSEND = YES;
				GCC_C_LANGUAGE_STANDARD = gnu11;
				GCC_NO_COMMON_BLOCKS = YES;
				GCC_WARN_64_TO_32_BIT_CONVERSION = YES;
				GCC_WARN_ABOUT_RETURN_TYPE = YES_ERROR;
				GCC_WARN_UNDECLARED_SELECTOR = YES;
				GCC_WARN_UNINITIALIZED_AUTOS = YES_AGGRESSIVE;
				GCC_WARN_UNUSED_FUNCTION = YES;
				GCC_WARN_UNUSED_VARIABLE = YES;
				IPHONEOS_DEPLOYMENT_TARGET = 13.5;
				MTL_ENABLE_DEBUG_INFO = NO;
				MTL_FAST_MATH = YES;
				SDKROOT = iphoneos;
				SWIFT_COMPILATION_MODE = wholemodule;
				SWIFT_OPTIMIZATION_LEVEL = "-O";
				VALIDATE_PRODUCT = YES;
			};
			name = Release;
		};
		70B1F936250BEE1E00B5469A /* Debug */ = {
			isa = XCBuildConfiguration;
			buildSettings = {
				ASSETCATALOG_COMPILER_APPICON_NAME = AppIcon;
				CODE_SIGN_STYLE = Automatic;
				DEVELOPMENT_TEAM = N6J78HPZZM;
				INFOPLIST_FILE = SlideshowApp2/Info.plist;
				LD_RUNPATH_SEARCH_PATHS = (
					"$(inherited)",
					"@executable_path/Frameworks",
				);
				PRODUCT_BUNDLE_IDENTIFIER = "Tatsu-1419.SlideshowApp2";
				PRODUCT_NAME = "$(TARGET_NAME)";
				SWIFT_VERSION = 5.0;
				TARGETED_DEVICE_FAMILY = "1,2";
			};
			name = Debug;
		};
		70B1F937250BEE1E00B5469A /* Release */ = {
			isa = XCBuildConfiguration;
			buildSettings = {
				ASSETCATALOG_COMPILER_APPICON_NAME = AppIcon;
				CODE_SIGN_STYLE = Automatic;
				DEVELOPMENT_TEAM = N6J78HPZZM;
				INFOPLIST_FILE = SlideshowApp2/Info.plist;
				LD_RUNPATH_SEARCH_PATHS = (
					"$(inherited)",
					"@executable_path/Frameworks",
				);
				PRODUCT_BUNDLE_IDENTIFIER = "Tatsu-1419.SlideshowApp2";
				PRODUCT_NAME = "$(TARGET_NAME)";
				SWIFT_VERSION = 5.0;
				TARGETED_DEVICE_FAMILY = "1,2";
			};
			name = Release;
		};
/* End XCBuildConfiguration section */

/* Begin XCConfigurationList section */
		70B1F91C250BEE1D00B5469A /* Build configuration list for PBXProject "SlideshowApp2" */ = {
			isa = XCConfigurationList;
			buildConfigurations = (
				70B1F933250BEE1E00B5469A /* Debug */,
				70B1F934250BEE1E00B5469A /* Release */,
			);
			defaultConfigurationIsVisible = 0;
			defaultConfigurationName = Release;
		};
		70B1F935250BEE1E00B5469A /* Build configuration list for PBXNativeTarget "SlideshowApp2" */ = {
			isa = XCConfigurationList;
			buildConfigurations = (
				70B1F936250BEE1E00B5469A /* Debug */,
				70B1F937250BEE1E00B5469A /* Release */,
			);
			defaultConfigurationIsVisible = 0;
			defaultConfigurationName = Release;
		};
/* End XCConfigurationList section */
	};
	rootObject = 70B1F919250BEE1D00B5469A /* Project object */;
}
